
Microsoft Visual Studio Solution File, Format Version 12.00
# Visual Studio Version 17
VisualStudioVersion = 17.9.34728.123
MinimumVisualStudioVersion = 10.0.40219.1
Project("{FAE04EC0-301F-11D3-BF4B-00C04F79EFBC}") = "RideManagementDriverUI", "RideManagementDriverUI\RideManagementDriverUI.csproj", "{3BEF0B14-83C9-471D-90DE-66A730F27FBC}"
EndProject
Global
	GlobalSection(SolutionConfigurationPlatforms) = preSolution
		Debug|Any CPU = Debug|Any CPU
		Release|Any CPU = Release|Any CPU
	EndGlobalSection
	GlobalSection(ProjectConfigurationPlatforms) = postSolution
		{3BEF0B14-83C9-471D-90DE-66A730F27FBC}.Debug|Any CPU.ActiveCfg = Debug|Any CPU
		{3BEF0B14-83C9-471D-90DE-66A730F27FBC}.Debug|Any CPU.Build.0 = Debug|Any CPU
		{3BEF0B14-83C9-471D-90DE-66A730F27FBC}.Debug|Any CPU.Deploy.0 = Debug|Any CPU
		{3BEF0B14-83C9-471D-90DE-66A730F27FBC}.Release|Any CPU.ActiveCfg = Release|Any CPU
		{3BEF0B14-83C9-471D-90DE-66A730F27FBC}.Release|Any CPU.Build.0 = Release|Any CPU
		{3BEF0B14-83C9-471D-90DE-66A730F27FBC}.Release|Any CPU.Deploy.0 = Release|Any CPU
	EndGlobalSection
	GlobalSection(SolutionProperties) = preSolution
		HideSolutionNode = FALSE
	EndGlobalSection
	GlobalSection(ExtensibilityGlobals) = postSolution
		SolutionGuid = {29E53206-F7E6-4892-A5B5-6C34A2578F22}
	EndGlobalSection
EndGlobal
